
Microsoft Visual Studio Solution File, Format Version 12.00
# Visual Studio Version 17
VisualStudioVersion = 17.0.31903.59
MinimumVisualStudioVersion = 10.0.40219.1
Project("{9A19103F-16F7-4668-BE54-9A1E7A4F7556}") = "GameStore.API", "GameStore.API\GameStore.API.csproj", "{DB1DFA3A-0AF3-49D1-B26F-35100F877519}"
EndProject
Project("{9A19103F-16F7-4668-BE54-9A1E7A4F7556}") = "GameStore.API.Tests", "GameStore.API.Tests\GameStore.API.Tests.csproj", "{17752F4C-5CFC-4D59-8ED8-0B69721D8E23}"
EndProject
Project("{E53339B2-1760-4266-BCC7-CA923CBCF16C}") = "docker-compose", "docker-compose.dcproj", "{6892C4D0-1959-426C-B53B-A7A1DEA8CEE4}"
EndProject
Project("{9A19103F-16F7-4668-BE54-9A1E7A4F7556}") = "Identity.Microservice", "Identity.Microservice\Identity.Microservice.csproj", "{800D8925-13FD-4A25-96A8-AA4FC767E00A}"
EndProject
Project("{FAE04EC0-301F-11D3-BF4B-00C04F79EFBC}") = "GameStore.Common", "GameStore.Common\GameStore.Common.csproj", "{AF6E652A-40B7-4A98-AEC2-032D8D7579E5}"
EndProject
Project("{FAE04EC0-301F-11D3-BF4B-00C04F79EFBC}") = "Catalog.Microservice", "Catalog.Microservice\Catalog.Microservice.csproj", "{1DD47347-A371-4B71-ACFB-8D67A7391CB4}"
EndProject
Project("{FAE04EC0-301F-11D3-BF4B-00C04F79EFBC}") = "Cart.Microservice", "Cart.Microservice\Cart.Microservice.csproj", "{03CA71D4-6F7E-4AC2-95FA-608020F20E2A}"
EndProject
Project("{FAE04EC0-301F-11D3-BF4B-00C04F79EFBC}") = "Cart.Microservice.Tests", "Cart.Microservice.Tests\Cart.Microservice.Tests.csproj", "{BC82DAB8-E989-41EE-A0FB-1B0125CF3F57}"
EndProject
Project("{FAE04EC0-301F-11D3-BF4B-00C04F79EFBC}") = "Identity.Microservice.Tests", "Identity.Microservice.Tests\Identity.Microservice.Tests.csproj", "{51688C62-C2F5-4892-9356-6B28F6DE2155}"
EndProject
Project("{FAE04EC0-301F-11D3-BF4B-00C04F79EFBC}") = "Catalog.Microservice.Tests", "Catalog.Microservice.Tests\Catalog.Microservice.Tests.csproj", "{5D3A9170-44B1-4C6C-88E7-3A7186C4DA8C}"
EndProject
Global
	GlobalSection(SolutionConfigurationPlatforms) = preSolution
		Debug|Any CPU = Debug|Any CPU
		Release|Any CPU = Release|Any CPU
	EndGlobalSection
	GlobalSection(ProjectConfigurationPlatforms) = postSolution
		{DB1DFA3A-0AF3-49D1-B26F-35100F877519}.Debug|Any CPU.ActiveCfg = Debug|Any CPU
		{DB1DFA3A-0AF3-49D1-B26F-35100F877519}.Debug|Any CPU.Build.0 = Debug|Any CPU
		{DB1DFA3A-0AF3-49D1-B26F-35100F877519}.Release|Any CPU.ActiveCfg = Release|Any CPU
		{DB1DFA3A-0AF3-49D1-B26F-35100F877519}.Release|Any CPU.Build.0 = Release|Any CPU
		{17752F4C-5CFC-4D59-8ED8-0B69721D8E23}.Debug|Any CPU.ActiveCfg = Debug|Any CPU
		{17752F4C-5CFC-4D59-8ED8-0B69721D8E23}.Debug|Any CPU.Build.0 = Debug|Any CPU
		{17752F4C-5CFC-4D59-8ED8-0B69721D8E23}.Release|Any CPU.ActiveCfg = Release|Any CPU
		{17752F4C-5CFC-4D59-8ED8-0B69721D8E23}.Release|Any CPU.Build.0 = Release|Any CPU
		{6892C4D0-1959-426C-B53B-A7A1DEA8CEE4}.Debug|Any CPU.ActiveCfg = Debug|Any CPU
		{6892C4D0-1959-426C-B53B-A7A1DEA8CEE4}.Debug|Any CPU.Build.0 = Debug|Any CPU
		{6892C4D0-1959-426C-B53B-A7A1DEA8CEE4}.Release|Any CPU.ActiveCfg = Release|Any CPU
		{6892C4D0-1959-426C-B53B-A7A1DEA8CEE4}.Release|Any CPU.Build.0 = Release|Any CPU
		{800D8925-13FD-4A25-96A8-AA4FC767E00A}.Debug|Any CPU.ActiveCfg = Debug|Any CPU
		{800D8925-13FD-4A25-96A8-AA4FC767E00A}.Debug|Any CPU.Build.0 = Debug|Any CPU
		{800D8925-13FD-4A25-96A8-AA4FC767E00A}.Release|Any CPU.ActiveCfg = Release|Any CPU
		{800D8925-13FD-4A25-96A8-AA4FC767E00A}.Release|Any CPU.Build.0 = Release|Any CPU
		{AF6E652A-40B7-4A98-AEC2-032D8D7579E5}.Debug|Any CPU.ActiveCfg = Debug|Any CPU
		{AF6E652A-40B7-4A98-AEC2-032D8D7579E5}.Debug|Any CPU.Build.0 = Debug|Any CPU
		{AF6E652A-40B7-4A98-AEC2-032D8D7579E5}.Release|Any CPU.ActiveCfg = Release|Any CPU
		{AF6E652A-40B7-4A98-AEC2-032D8D7579E5}.Release|Any CPU.Build.0 = Release|Any CPU
		{1DD47347-A371-4B71-ACFB-8D67A7391CB4}.Debug|Any CPU.ActiveCfg = Debug|Any CPU
		{1DD47347-A371-4B71-ACFB-8D67A7391CB4}.Debug|Any CPU.Build.0 = Debug|Any CPU
		{1DD47347-A371-4B71-ACFB-8D67A7391CB4}.Release|Any CPU.ActiveCfg = Release|Any CPU
		{1DD47347-A371-4B71-ACFB-8D67A7391CB4}.Release|Any CPU.Build.0 = Release|Any CPU
		{03CA71D4-6F7E-4AC2-95FA-608020F20E2A}.Debug|Any CPU.ActiveCfg = Debug|Any CPU
		{03CA71D4-6F7E-4AC2-95FA-608020F20E2A}.Debug|Any CPU.Build.0 = Debug|Any CPU
		{03CA71D4-6F7E-4AC2-95FA-608020F20E2A}.Release|Any CPU.ActiveCfg = Release|Any CPU
		{03CA71D4-6F7E-4AC2-95FA-608020F20E2A}.Release|Any CPU.Build.0 = Release|Any CPU
		{BC82DAB8-E989-41EE-A0FB-1B0125CF3F57}.Debug|Any CPU.ActiveCfg = Debug|Any CPU
		{BC82DAB8-E989-41EE-A0FB-1B0125CF3F57}.Debug|Any CPU.Build.0 = Debug|Any CPU
		{BC82DAB8-E989-41EE-A0FB-1B0125CF3F57}.Release|Any CPU.ActiveCfg = Release|Any CPU
		{BC82DAB8-E989-41EE-A0FB-1B0125CF3F57}.Release|Any CPU.Build.0 = Release|Any CPU
		{51688C62-C2F5-4892-9356-6B28F6DE2155}.Debug|Any CPU.ActiveCfg = Debug|Any CPU
		{51688C62-C2F5-4892-9356-6B28F6DE2155}.Debug|Any CPU.Build.0 = Debug|Any CPU
		{51688C62-C2F5-4892-9356-6B28F6DE2155}.Release|Any CPU.ActiveCfg = Release|Any CPU
		{51688C62-C2F5-4892-9356-6B28F6DE2155}.Release|Any CPU.Build.0 = Release|Any CPU
		{5D3A9170-44B1-4C6C-88E7-3A7186C4DA8C}.Debug|Any CPU.ActiveCfg = Debug|Any CPU
		{5D3A9170-44B1-4C6C-88E7-3A7186C4DA8C}.Debug|Any CPU.Build.0 = Debug|Any CPU
		{5D3A9170-44B1-4C6C-88E7-3A7186C4DA8C}.Release|Any CPU.ActiveCfg = Release|Any CPU
		{5D3A9170-44B1-4C6C-88E7-3A7186C4DA8C}.Release|Any CPU.Build.0 = Release|Any CPU
	EndGlobalSection
	GlobalSection(SolutionProperties) = preSolution
		HideSolutionNode = FALSE
	EndGlobalSection
	GlobalSection(ExtensibilityGlobals) = postSolution
		SolutionGuid = {E6E3E64A-19CA-44A9-9A24-E180D171A1C5}
	EndGlobalSection
EndGlobal
